{
  "name": "swagger-api",
  "version": "1.0.2",
  "lockfileVersion": 2,
  "requires": true,
  "packages": {
    "": {
      "name": "swagger-api",
      "version": "1.0.2",
      "license": "MIT",
      "devDependencies": {
        "yoo-swagger-api": "^1.0.2"
      }
    },
    "node_modules/yoo-swagger-api": {
      "version": "1.0.2",
      "resolved": "https://registry.npmjs.org/yoo-swagger-api/-/yoo-swagger-api-1.0.2.tgz",
      "integrity": "sha512-lmNgC4ZFHPoj6qOl6Afymi04ubIzLryfU15Kgbo+PprILgccsIWgNtVEx3SpJix6Epl5X2aBsu6CJKXcqC3l2Q==",
      "dev": true
    }
  },
  "dependencies": {
    "yoo-swagger-api": {
      "version": "1.0.2",
      "resolved": "https://registry.npmjs.org/yoo-swagger-api/-/yoo-swagger-api-1.0.2.tgz",
      "integrity": "sha512-lmNgC4ZFHPoj6qOl6Afymi04ubIzLryfU15Kgbo+PprILgccsIWgNtVEx3SpJix6Epl5X2aBsu6CJKXcqC3l2Q==",
      "dev": true
    }
  }
}
